github.com/edsrzf/mmap-go v1.1.0 h1:6EUwBLQ/Mcr1EYLE4Tn1VdW1A4ckqCQWZBw8Hr0kjpQ=
github.com/edsrzf/mmap-go v1.1.0/go.mod h1:19H/e8pUPLicwkyNgOykDXkJ9F0MHE+Z52B8EIth78Q=
github.com/golang/snappy v0.0.3/go.mod h1:/XxbfmMg8lxefKM7IXC3fBNl/7bRcc72aCRzEWrmP2Q=
github.com/remyoudompheng/bigfft v0.0.0-20200410134404-eec4a21b6bb0 h1:OdAsTTz6OkFY5QxjkYwrChwuRruF69c169dPK26NUlk=
github.com/remyoudompheng/bigfft v0.0.0-20200410134404-eec4a21b6bb0/go.mod h1:qqbHyh8v60DhA7CoWK5oRCqLrMHRGoxYCSS9EjAz6Eo=
go.etcd.io/bbolt v1.3.8 h1:xs88BrvEv273UsB79e0hcVrlUWmS0a8upikMFhSyAtA=
go.etcd.io/bbolt v1.3.8/go.mod h1:N9Mkw9X8x5fupy0IKsmuqVtoGDyxsaDlbk4Rd05IAQw=
golang.org/x/sys v0.0.0-20211216021012-1d35b9e2eb4e/go.mod h1:oPkhp1MJrh7nUepCBck5+mAzfO9JrbApNNgaTdGDITg=
golang.org/x/sys v0.4.0 h1:Zr2JFtRQNX3BCZ8YtxRE9hNJYC8J6I1MVbMg6owUp18=
golang.org/x/sys v0.4.0/go.mod h1:oPkhp1MJrh7nUepCBck5+mAzfO9JrbApNNgaTdGDITg=
golang.org/x/sys v0.8.0 h1:EBmGv8NaZBZTWvrbjNoL6HVt+IVy3QDQpJs7VRIw3tU=
golang.org/x/sys v0.8.0/go.mod h1:oPkhp1MJrh7nUepCBck5+mAzfO9JrbApNNgaTdGDITg=
gopkg.in/check.v1 v0.0.0-20161208181325-20d25e280405/go.mod h1:Co6ibVJAznAaIkqp8huTwlJQCZ016jof/cbN4VW5Yz0=
gopkg.in/yaml.v3 v3.0.1 h1:fxVm/GzAzEWqLHuvctI91KS9hhNmmWOoWu0XTYJS7CA=
gopkg.in/yaml.v3 v3.0.1/go.mod h1:K4uyk7z7BCEPqu6E+C64Yfv1cQ7kz7rIZviUmN+EgEM=
modernc.org/bufs v1.0.0/go.mod h1:0FCJ1mAhGiiFos8v2PISFhP2fEj3CK4/ACCLidqU/Ok=
modernc.org/exp v1.0.0/go.mod h1:nfZshN9GU3d+mveZaR6VW2wJfh8gVBDgp8i2NZ/pFM8=
modernc.org/fileutil v1.1.2 h1:Gcd7C/E4gI3fq/qV3YiwFIhDq1LPIWFwkD+BijLByzw=
modernc.org/fileutil v1.1.2/go.mod h1:HdjlliqRHrMAI4nVOvvpYVzVgvRSK7WnoCiG0GUWJNo=
modernc.org/internal v1.0.7 h1:B3DnCWtM9ZXxdO+4gGDYAPzVHSU9/oUBeAve2AII1vw=
modernc.org/internal v1.0.7/go.mod h1:CUocFmERLLCOQogxq8ZQl5MSO97yGh3qb4QvVg6ltkM=
modernc.org/kv v1.0.6 h1:AHU9VjTTR2G6Ju6QxyflKkGeoLVnhXU0gozEm6eIoxE=
modernc.org/kv v1.0.6/go.mod h1:KrVRKgVrguS7TmsugzO7E+wrVNjEGoRgVAaW7TaCcyk=
modernc.org/lldb v1.0.6 h1:plflBMxSAN5EL6965TLP9mqO4wPGgiDzUuNMmTKqJd4=
modernc.org/lldb v1.0.6/go.mod h1://GHnWOjvE55xy1RmFfIH2eNTMUKITJBxHkOVybR/IU=
modernc.org/mathutil v1.5.0 h1:rV0Ko/6SfM+8G+yKiyI830l3Wuz1zRutdslNoQ0kfiQ=
modernc.org/mathutil v1.5.0/go.mod h1:mZW8CKdRPY1v87qxC/wUdX5O1qDzXMP5TH3wjfpga6E=
modernc.org/sortutil v1.1.1 h1:VQGxbQGcHaQeB/BX9TQjrHFmOA0bounO1X/jvOfRo6Q=
modernc.org/sortutil v1.1.1/go.mod h1:DTj/8BqjEBLZFVPYvEGDfFFg94SsfPxQ70R+SQJ98qA=
modernc.org/zappy v1.0.8 h1:TSgiiglpHcUiJYgINVglFwFOkGzzUBz2r53PRBc2h5s=
modernc.org/zappy v1.0.8/go.mod h1:6F4/5KSzEr0yj4aFpm34JDp2cqkbeoQW7+vbNubRT3c=
